
Microsoft Visual Studio Solution File, Format Version 10.00
# Visual Studio 2008
Project("{8BC9CEB8-8B4A-11D0-8D11-00A0C91BC942}") = "LuaStudio", "src\LuaStudio.vcproj", "{3ADF6F64-D195-47C9-9E38-952811D947C8}"
	ProjectSection(ProjectDependencies) = postProject
		{B5722E29-3C96-4051-AF99-8466B01D4536} = {B5722E29-3C96-4051-AF99-8466B01D4536}
		{CFFAFC5F-A97A-4AC4-8187-40695FCD210B} = {CFFAFC5F-A97A-4AC4-8187-40695FCD210B}
		{0FD52E7C-C012-42CF-A231-0798EECDC475} = {0FD52E7C-C012-42CF-A231-0798EECDC475}
		{58D58AB4-E22D-4253-BE2A-BF266C86498D} = {58D58AB4-E22D-4253-BE2A-BF266C86498D}
	EndProjectSection
EndProject
Project("{8BC9CEB8-8B4A-11D0-8D11-00A0C91BC942}") = "ResDll", "ResDll\ResDll.vcproj", "{58D58AB4-E22D-4253-BE2A-BF266C86498D}"
EndProject
Project("{8BC9CEB8-8B4A-11D0-8D11-00A0C91BC942}") = "lua5.1", "lua\luavc\luavc.vcproj", "{CFFAFC5F-A97A-4AC4-8187-40695FCD210B}"
EndProject
Project("{8BC9CEB8-8B4A-11D0-8D11-00A0C91BC942}") = "scintilla", "scintilla\scintilla.vcproj", "{B5722E29-3C96-4051-AF99-8466B01D4536}"
EndProject
Project("{8BC9CEB8-8B4A-11D0-8D11-00A0C91BC942}") = "lfs", "luafilesystem\vc6\luafilesystem_dll.vcproj", "{0FD52E7C-C012-42CF-A231-0798EECDC475}"
	ProjectSection(ProjectDependencies) = postProject
		{CFFAFC5F-A97A-4AC4-8187-40695FCD210B} = {CFFAFC5F-A97A-4AC4-8187-40695FCD210B}
	EndProjectSection
EndProject
Global
	GlobalSection(SolutionConfigurationPlatforms) = preSolution
		Debug|Win32 = Debug|Win32
		Release|Win32 = Release|Win32
	EndGlobalSection
	GlobalSection(ProjectConfigurationPlatforms) = postSolution
		{3ADF6F64-D195-47C9-9E38-952811D947C8}.Debug|Win32.ActiveCfg = Debug|Win32
		{3ADF6F64-D195-47C9-9E38-952811D947C8}.Debug|Win32.Build.0 = Debug|Win32
		{3ADF6F64-D195-47C9-9E38-952811D947C8}.Release|Win32.ActiveCfg = Release|Win32
		{3ADF6F64-D195-47C9-9E38-952811D947C8}.Release|Win32.Build.0 = Release|Win32
		{58D58AB4-E22D-4253-BE2A-BF266C86498D}.Debug|Win32.ActiveCfg = Debug|Win32
		{58D58AB4-E22D-4253-BE2A-BF266C86498D}.Debug|Win32.Build.0 = Debug|Win32
		{58D58AB4-E22D-4253-BE2A-BF266C86498D}.Release|Win32.ActiveCfg = Release|Win32
		{58D58AB4-E22D-4253-BE2A-BF266C86498D}.Release|Win32.Build.0 = Release|Win32
		{CFFAFC5F-A97A-4AC4-8187-40695FCD210B}.Debug|Win32.ActiveCfg = Debug|Win32
		{CFFAFC5F-A97A-4AC4-8187-40695FCD210B}.Debug|Win32.Build.0 = Debug|Win32
		{CFFAFC5F-A97A-4AC4-8187-40695FCD210B}.Release|Win32.ActiveCfg = Release|Win32
		{CFFAFC5F-A97A-4AC4-8187-40695FCD210B}.Release|Win32.Build.0 = Release|Win32
		{B5722E29-3C96-4051-AF99-8466B01D4536}.Debug|Win32.ActiveCfg = Debug|Win32
		{B5722E29-3C96-4051-AF99-8466B01D4536}.Debug|Win32.Build.0 = Debug|Win32
		{B5722E29-3C96-4051-AF99-8466B01D4536}.Release|Win32.ActiveCfg = Release|Win32
		{B5722E29-3C96-4051-AF99-8466B01D4536}.Release|Win32.Build.0 = Release|Win32
		{0FD52E7C-C012-42CF-A231-0798EECDC475}.Debug|Win32.ActiveCfg = Debug|Win32
		{0FD52E7C-C012-42CF-A231-0798EECDC475}.Debug|Win32.Build.0 = Debug|Win32
		{0FD52E7C-C012-42CF-A231-0798EECDC475}.Release|Win32.ActiveCfg = Release|Win32
		{0FD52E7C-C012-42CF-A231-0798EECDC475}.Release|Win32.Build.0 = Release|Win32
	EndGlobalSection
	GlobalSection(SolutionProperties) = preSolution
		HideSolutionNode = FALSE
	EndGlobalSection
EndGlobal
